
Microsoft Visual Studio Solution File, Format Version 12.00
# Visual Studio 2012
Project("{FAE04EC0-301F-11D3-BF4B-00C04F79EFBC}") = "Backlog", "Backlog\Backlog.csproj", "{1BBC73C9-C8EE-4899-81B3-6DBE84539341}"
EndProject
Global
	GlobalSection(SolutionConfigurationPlatforms) = preSolution
		Debug|Any CPU = Debug|Any CPU
		Release|Any CPU = Release|Any CPU
	EndGlobalSection
	GlobalSection(ProjectConfigurationPlatforms) = postSolution
		{1BBC73C9-C8EE-4899-81B3-6DBE84539341}.Debug|Any CPU.ActiveCfg = Debug|Any CPU
		{1BBC73C9-C8EE-4899-81B3-6DBE84539341}.Debug|Any CPU.Build.0 = Debug|Any CPU
		{1BBC73C9-C8EE-4899-81B3-6DBE84539341}.Release|Any CPU.ActiveCfg = Release|Any CPU
		{1BBC73C9-C8EE-4899-81B3-6DBE84539341}.Release|Any CPU.Build.0 = Release|Any CPU
	EndGlobalSection
	GlobalSection(SolutionProperties) = preSolution
		HideSolutionNode = FALSE
	EndGlobalSection
EndGlobal
